%{
  "benchee": {:hex, :benchee, "1.5.1", "b95cbc36c4b98969a5c592a246e171041eb683c56bad1cb4f49a3b081ba66087", [:mix], [{:deep_merge, "~> 1.0", [hex: :deep_merge, repo: "hexpm", optional: false]}, {:statistex, "~> 1.1", [hex: :statistex, repo: "hexpm", optional: false]}, {:table, "~> 0.1.0", [hex: :table, repo: "hexpm", optional: true]}], "hexpm", "a539301f8dfd4efc5c5123bfb9d47ebde20092a863a5b5b16c2a60d2243dfce7"},
  "benchee_dsl": {:hex, :benchee_dsl, "0.5.3", "f214a33076c79b205780e21a9712f977e1aaf2402acb8b59ff99cd4e9c151499", [:mix], [{:benchee, ">= 0.99.0 and < 2.0.0", [hex: :benchee, repo: "hexpm", optional: false]}, {:kino, "~> 0.6", [hex: :kino, repo: "hexpm", optional: false]}], "hexpm", "68b829aa4d2782a225dcb0b9652e440b49264b78aa37fe4e120fe784bbfcb466"},
  "benchee_markdown": {:hex, :benchee_markdown, "0.3.4", "233152abbfc64ca3007d625abec0fa77c3430c41c0938f4b39521cf6b3a6662b", [:mix], [{:benchee, ">= 1.1.0 and < 2.0.0", [hex: :benchee, repo: "hexpm", optional: false]}], "hexpm", "60c2bdc28c44f275b46463ab35f65db7f9b6d392595858a0ebbf9381c942bebb"},
  "bunt": {:hex, :bunt, "1.0.0", "081c2c665f086849e6d57900292b3a161727ab40431219529f13c4ddcf3e7a44", [:mix], [], "hexpm", "dc5f86aa08a5f6fa6b8096f0735c4e76d54ae5c9fa2c143e5a1fc7c1cd9bb6b5"},
  "castore": {:hex, :castore, "1.0.21", "0a0e8330dc267a40a3b7ad86d39302764bb71758172904e6a59d5ad6443ce307", [:mix], [], "hexpm", "e42e22723e25dbd46876d056a03f685513d6e98f6b5e555dc551321decd76c5c"},
  "cowboy": {:hex, :cowboy, "2.12.0", "f276d521a1ff88b2b9b4c54d0e753da6c66dd7be6c9fca3d9418b561828a3731", [:make, :rebar3], [{:cowlib, "2.13.0", [hex: :cowlib, repo: "hexpm", optional: false]}, {:ranch, "1.8.0", [hex: :ranch, repo: "hexpm", optional: false]}], "hexpm", "8a7abe6d183372ceb21caa2709bec928ab2b72e18a3911aa1771639bef82651e"},
  "cowboy_telemetry": {:hex, :cowboy_telemetry, "0.4.0", "f239f68b588efa7707abce16a84d0d2acf3a0f50571f8bb7f56a15865aae820c", [:rebar3], [{:cowboy, "~> 2.7", [hex: :cowboy, repo: "hexpm", optional: false]}, {:telemetry, "~> 1.0", [hex: :telemetry, repo: "hexpm", optional: false]}], "hexpm", "7d98bac1ee4565d31b62d59f8823dfd8356a169e7fcbb83831b8a5397404c9de"},
  "cowlib": {:hex, :cowlib, "2.13.0", "db8f7505d8332d98ef50a3ef34b34c1afddec7506e4ee4dd4a3a266285d282ca", [:make, :rebar3], [], "hexpm", "e1e1284dc3fc030a64b1ad0d8382ae7e99da46c3246b815318a4b848873800a4"},
  "credo": {:hex, :credo, "1.7.19", "cc52129665fc7c15143d47838fda0f9cd6dac9ceced7bf4da6f85fcbfe64b12a", [:mix], [{:bunt, "~> 0.2.1 or ~> 1.0", [hex: :bunt, repo: "hexpm", optional: false]}, {:file_system, "~> 0.2 or ~> 1.0", [hex: :file_system, repo: "hexpm", optional: false]}, {:jason, "~> 1.0", [hex: :jason, repo: "hexpm", optional: false]}], "hexpm", "2d8bc95d5a7bb99dd2613621d4f08c6a3575c3fd4b62e6a2b48a100352a557b8"},
  "deep_merge": {:hex, :deep_merge, "1.0.2", "476aa7ea61c54de96220051b998d893869069094da65b96101aebf79416f8a1e", [:mix], [], "hexpm", "737a53cdc9758fedbb608bdc213969e65729466c4ef3cd8e8726d0335dff116c"},
  "dialyxir": {:hex, :dialyxir, "1.4.8", "7ef671a8aff9948b091d8c30f09467fbb16e77305cda451bce48109a0f5e021c", [:mix], [{:erlex, ">= 0.2.8", [hex: :erlex, repo: "hexpm", optional: false]}], "hexpm", "cbd5a851571e5dfeb32aaf2e840bfa98b7864cb3071bf2ef5d95d1276b12e072"},
  "earmark_parser": {:hex, :earmark_parser, "1.4.46", "67607a0532e810c6f630a515c548d0b24949643f168cc556303bee4cf96105c7", [:mix], [], "hexpm", "9c44636e8a1c68c62f526b2dcd85d941dbbcee7ab82cf64ba06ce28bef8e89f5"},
  "elixir_make": {:hex, :elixir_make, "0.10.0", "16577e2583a79bb79237bbff349619ef5d80afffc07eac6e4faf0d00e2ddaf7d", [:mix], [], "hexpm", "dc1f09fb7fa68866b886abd5f0f3c83553b1a19a52359a899e92af1bb3b31982"},
  "erlex": {:hex, :erlex, "0.2.9", "7debbbaa9f4f368b8cd648983e0f1d7963028508e9c59e9d4ed504e94ef52a55", [:mix], [], "hexpm", "8cfffc0ec7159e6d73de2ab28a588064de80f88b2798d5cbe4482cbbc200178b"},
  "escape": {:hex, :escape, "0.4.1", "065164d0d18a70e75092fc71124978e7b50ac99de69748739e48609825ab1c9e", [:mix], [], "hexpm", "867d641d66ffb1afbb1cdf872eff3c21b1af90fec3d21916b1b5eda51e244158"},
  "ex_doc": {:hex, :ex_doc, "0.40.4", "66f2e42bf588594d5a8aab31cad87f2ddad09d0da1b1a2f379340ec2c2e497cb", [:mix], [{:earmark_parser, "~> 1.4.46", [hex: :earmark_parser, repo: "hexpm", optional: false]}, {:makeup_c, ">= 0.1.0", [hex: :makeup_c, repo: "hexpm", optional: true]}, {:makeup_elixir, "~> 0.14 or ~> 1.0", [hex: :makeup_elixir, repo: "hexpm", optional: false]}, {:makeup_erlang, "~> 0.1 or ~> 1.0", [hex: :makeup_erlang, repo: "hexpm", optional: false]}, {:makeup_html, ">= 0.1.0", [hex: :makeup_html, repo: "hexpm", optional: true]}], "hexpm", "6222b9e423d76584ee34df2c82a5ed72c2d53dc153f7f483ad28b378694186cc"},
  "excoveralls": {:hex, :excoveralls, "0.18.5", "e229d0a65982613332ec30f07940038fe451a2e5b29bce2a5022165f0c9b157e", [:mix], [{:castore, "~> 1.0", [hex: :castore, repo: "hexpm", optional: true]}, {:jason, "~> 1.0", [hex: :jason, repo: "hexpm", optional: false]}], "hexpm", "523fe8a15603f86d64852aab2abe8ddbd78e68579c8525ae765facc5eae01562"},
  "file_system": {:hex, :file_system, "1.1.1", "31864f4685b0148f25bd3fbef2b1228457c0c89024ad67f7a81a3ffbc0bbad3a", [:mix], [], "hexpm", "7a15ff97dfe526aeefb090a7a9d3d03aa907e100e262a0f8f7746b78f8f87a5d"},
  "glob_ex": {:hex, :glob_ex, "0.1.12", "7b2d9369c20e2697efcfd185d13d6e84c94cd3bfd2730fbde613141c2e015c00", [:mix], [], "hexpm", "2e2fac83f113514434c7eaf267b4c38af2f91766f1cab2c5db7053b7fc1ee0bb"},
  "hpax": {:hex, :hpax, "1.1.0", "782931867cc23217c68fb5f68fe1a11f5e7544c7fda82c8a7019a5df5a4a1cdf", [:mix], [], "hexpm", "0b8d0f05832f55571d65ac720f79bf8994138ffbb133209dc4685eae0ad456a8"},
  "jason": {:hex, :jason, "1.4.5", "2e3a008590b0b8d7388c20293e9dcc9cf3e5d642fd2a114e4cbbb52e595d940a", [:mix], [{:decimal, "~> 1.0 or ~> 2.0 or ~> 3.0", [hex: :decimal, repo: "hexpm", optional: true]}], "hexpm", "b0c823996102bcd0239b3c2444eb00409b72f6a140c1950bc8b457d836b30684"},
  "kino": {:hex, :kino, "0.19.1", "515a759ecfe6e8827290089d887e8a875267d1134956ba4d909a74ab5b972eef", [:mix], [{:nx, "~> 0.1 or ~> 1.0", [hex: :nx, repo: "hexpm", optional: true]}, {:plug, "~> 1.0", [hex: :plug, repo: "hexpm", optional: true]}, {:table, "~> 0.1.2", [hex: :table, repo: "hexpm", optional: false]}], "hexpm", "71946d247bb12a6ac591405a29b696ce37edce44ff43f288dbe43278bb455429"},
  "makeup": {:hex, :makeup, "1.2.2", "882d46dc0905e9ff7abf2aab61a7e6b3dcc555533977d8a23b06019e6c89ac94", [:mix], [{:nimble_parsec, "~> 1.4", [hex: :nimble_parsec, repo: "hexpm", optional: false]}], "hexpm", "9a1a24e5b343b8ae16abea0822c10a6f75da27af7fa802ada5251f7579bfccfa"},
  "makeup_elixir": {:hex, :makeup_elixir, "1.0.1", "e928a4f984e795e41e3abd27bfc09f51db16ab8ba1aebdba2b3a575437efafc2", [:mix], [{:makeup, "~> 1.0", [hex: :makeup, repo: "hexpm", optional: false]}, {:nimble_parsec, "~> 1.2.3 or ~> 1.3", [hex: :nimble_parsec, repo: "hexpm", optional: false]}], "hexpm", "7284900d412a3e5cfd97fdaed4f5ed389b8f2b4cb49efc0eb3bd10e2febf9507"},
  "makeup_erlang": {:hex, :makeup_erlang, "1.1.0", "835f7e60792e08824cda445639555d7bf1bbbddb1b60b306e33cb6f6db24dc74", [:mix], [{:makeup, "~> 1.0", [hex: :makeup, repo: "hexpm", optional: false]}], "hexpm", "1cd6780fb1dd1a03979abaed0fe82712b0625118fd5257d3ebbf73f960c73c3c"},
  "mime": {:hex, :mime, "2.0.7", "b8d739037be7cd402aee1ba0306edfdef982687ee7e9859bee6198c1e7e2f128", [:mix], [], "hexpm", "6171188e399ee16023ffc5b76ce445eb6d9672e2e241d2df6050f3c771e80ccd"},
  "mint": {:hex, :mint, "1.10.1", "c53e70867cf74017716884d8d33e0742b08b32e9cdb0031cbc69a429dc5555e3", [:mix], [{:castore, "~> 0.1.0 or ~> 1.0", [hex: :castore, repo: "hexpm", optional: true]}, {:hpax, "~> 0.1.1 or ~> 0.2.0 or ~> 1.0", [hex: :hpax, repo: "hexpm", optional: false]}], "hexpm", "0ba2a904605ed8406393444fb8b3356dc58eb59ee6c7fb94ac3f015e1be129e8"},
  "mox": {:hex, :mox, "1.3.2", "f34ca4331b1cce3125609c6de674739fe5f3df0d68df25510d64b6a94b2246de", [:mix], [{:nimble_ownership, "~> 1.0", [hex: :nimble_ownership, repo: "hexpm", optional: false]}], "hexpm", "97918a185e727f3128a826f01827b5b8168e1b815bda19eb4192c3ffdb6a8054"},
  "nerves_time_zones": {:hex, :nerves_time_zones, "0.3.9", "1fbb8b7971d6a78d88c6a2799c5635c260db5ac85dd9c526af3c1af4fb44653d", [:make, :mix], [{:elixir_make, "~> 0.6", [hex: :elixir_make, repo: "hexpm", optional: false]}, {:zoneinfo, "~> 0.1.2", [hex: :zoneinfo, repo: "hexpm", optional: false]}], "hexpm", "abab5419a7ea223587e6ad2479ffd9169588b09e4946469b40fd1a6416052537"},
  "nimble_ownership": {:hex, :nimble_ownership, "1.0.2", "fa8a6f2d8c592ad4d79b2ca617473c6aefd5869abfa02563a77682038bf916cf", [:mix], [], "hexpm", "098af64e1f6f8609c6672127cfe9e9590a5d3fcdd82bc17a377b8692fd81a879"},
  "nimble_parsec": {:hex, :nimble_parsec, "1.4.2", "8efba0122db06df95bfaa78f791344a89352ba04baedd3849593bfce4d0dc1c6", [:mix], [], "hexpm", "4b21398942dda052b403bbe1da991ccd03a053668d147d53fb8c4e0efe09c973"},
  "plug": {:hex, :plug, "1.20.3", "56c480c633ec2ce10140e236e15233bf576e1d323887d7c96711bd02ab5160db", [:mix], [{:mime, "~> 1.0 or ~> 2.0", [hex: :mime, repo: "hexpm", optional: false]}, {:plug_crypto, "~> 1.1.1 or ~> 1.2 or ~> 2.0", [hex: :plug_crypto, repo: "hexpm", optional: false]}, {:telemetry, "~> 0.4.3 or ~> 1.0", [hex: :telemetry, repo: "hexpm", optional: false]}], "hexpm", "be266aee1b8536ef6409d58cf39a3121319f0ec47cfa1b24024485aa0e76ad76"},
  "plug_cowboy": {:hex, :plug_cowboy, "2.9.0", "87e21e0d9054ced99c36d128f49e3ea2cd8b745fffb97de50bff99706087af4f", [:mix], [{:cowboy, "~> 2.7", [hex: :cowboy, repo: "hexpm", optional: false]}, {:cowboy_telemetry, "~> 0.3", [hex: :cowboy_telemetry, repo: "hexpm", optional: false]}, {:plug, "~> 1.18", [hex: :plug, repo: "hexpm", optional: false]}], "hexpm", "2002bafba4f3a45b55a58e68d70211b153a7ed18d37edb1ceb6e96e7a92c422e"},
  "plug_crypto": {:hex, :plug_crypto, "2.2.0", "144014737daaf485407f5ed77daeaad74d651b216a28c87543f8cc7043f8efc8", [:mix], [], "hexpm", "83a95744ab1c75876542b6fab135fcc176280e0f301a111c1f757fddcec95d2c"},
  "ranch": {:hex, :ranch, "1.8.0", "8c7a100a139fd57f17327b6413e4167ac559fbc04ca7448e9be9057311597a1d", [:make, :rebar3], [], "hexpm", "49fbcfd3682fab1f5d109351b61257676da1a2fdbe295904176d5e521a2ddfe5"},
  "recode": {:hex, :recode, "0.8.0", "4e324f608fbac8a01794902703ba04fa1aaab25217108410f7a0cdcecdb1027c", [:mix], [{:escape, "~> 0.1", [hex: :escape, repo: "hexpm", optional: false]}, {:glob_ex, "~> 0.1", [hex: :glob_ex, repo: "hexpm", optional: false]}, {:rewrite, "~> 1.2", [hex: :rewrite, repo: "hexpm", optional: false]}], "hexpm", "c71d24ebb5a460679d55f8e27585f83542787e238f5a317162ee8e77de74ebba"},
  "rewrite": {:hex, :rewrite, "1.3.0", "67448ba7975690b35ba7e7f35717efcce317dbd5963cb0577aa7325c1923121a", [:mix], [{:glob_ex, "~> 0.1", [hex: :glob_ex, repo: "hexpm", optional: false]}, {:sourceror, "~> 1.0", [hex: :sourceror, repo: "hexpm", optional: false]}, {:text_diff, "~> 0.1", [hex: :text_diff, repo: "hexpm", optional: false]}], "hexpm", "d111ac7ff3a58a802ef4f193bbd1831e00a9c57b33276e5068e8390a212714a5"},
  "sourceror": {:hex, :sourceror, "1.12.3", "f58eebef0765c7a369a49a755ab2a5ee88d92777f403ea5a08b722cefcc37f51", [:mix], [], "hexpm", "d5f2f37099de794840f08c54ae546d7f6e4ea015e397be64aebe4996fa9f7da7"},
  "statistex": {:hex, :statistex, "1.1.1", "73612aa7f79e53c30569be065fd121e380f1cf57bc4c2da5b41be9246da18df9", [:mix], [], "hexpm", "310c4b49b34adf683de3103639006bed233ab54c08a4add65a531448e653857c"},
  "stream_data": {:hex, :stream_data, "1.4.0", "026f929db613aabea6208012ae9b8970d3fd5f88b3bdf26831bc536f98c42036", [:mix], [], "hexpm", "2b0ee3a340dcce1c8cf6302a763ee757d1e01c54d6e16d9069062509d68b1dc9"},
  "table": {:hex, :table, "0.1.2", "87ad1125f5b70c5dea0307aa633194083eb5182ec537efc94e96af08937e14a8", [:mix], [], "hexpm", "7e99bc7efef806315c7e65640724bf165c3061cdc5d854060f74468367065029"},
  "telemetry": {:hex, :telemetry, "1.4.2", "a0cb522801dffb1c49fe6e30561badffc7b6d0e180db1300df759faa22062855", [:rebar3], [], "hexpm", "928f6495066506077862c0d1646609eed891a4326bee3126ba54b60af61febb1"},
  "text_diff": {:hex, :text_diff, "0.1.0", "1caf3175e11a53a9a139bc9339bd607c47b9e376b073d4571c031913317fecaa", [:mix], [], "hexpm", "d1ffaaecab338e49357b6daa82e435f877e0649041ace7755583a0ea3362dbd7"},
  "tz": {:hex, :tz, "0.28.4", "f5433914dcf8619d593979ec65bbe878158cad818bc2b53b44d9e4bda509753f", [:mix], [{:castore, "~> 0.1 or ~> 1.0", [hex: :castore, repo: "hexpm", optional: true]}, {:mint, "~> 1.6", [hex: :mint, repo: "hexpm", optional: true]}], "hexpm", "72fe8d526cf30fcc4e07cec4ceb583ba5f2d69c6334c9533419c836a6acd1c56"},
  "tzdata": {:hex, :tzdata, "1.2.1", "6db44c7db4a6c1c20decc828dd370a4d23ec49e0fa387aae6851ae81f60ae73e", [:mix], [{:hackney, "~> 1.17 or ~> 4.0", [hex: :hackney, repo: "hexpm", optional: true]}], "hexpm", "76130de9c20a805bcb8e54688c781b7c6901f55dd1be86578d92bd044f8f7a1d"},
  "zoneinfo": {:hex, :zoneinfo, "0.1.9", "6f5188e836cc057ef13d8ab659464fccfda032d48b8574619fc12a58f0579c2b", [:mix], [], "hexpm", "8bc3266afe79ab668de4fb2a7f182152c90f610bdd8519528e8ea1af70e0dea8"},
}
