%{
  "nimble_parsec": {:hex, :nimble_parsec, "0.5.3", "def21c10a9ed70ce22754fdeea0810dafd53c2db3219a0cd54cf5526377af1c6", [:mix], [], "hexpm", "589b5af56f4afca65217a1f3eb3fee7e79b09c40c742fddc1c312b3ac0b3399f"},
  "time_zone_info": {:hex, :time_zone_info, "0.2.0", "c9f1c5b4b10771bcf0b47a159e272f047c1c91d851d8fec683e8911bb73a849e", [:mix], [{:castore, "~> 0.1", [hex: :castore, repo: "hexpm", optional: true]}, {:mint, "~> 1.0", [hex: :mint, repo: "hexpm", optional: true]}, {:nimble_parsec, "~> 0.5", [hex: :nimble_parsec, repo: "hexpm", optional: false]}], "hexpm", "75dd9a476835078c793a28085dc43e44fe4ef385bb29584534fa9c2204555a1b"},
}
